<?xml version="1.0" encoding="utf-8"?>
<Project ToolsVersion="4.0" xmlns="http://schemas.microsoft.com/developer/msbuild/2003">
  <ItemGroup>
    <Filter Include="リソース ファイル">
      <UniqueIdentifier>{67DA6AB6-F800-4c08-8B7A-83BB121AAD01}</UniqueIdentifier>
      <Extensions>rc;ico;cur;bmp;dlg;rc2;rct;bin;rgs;gif;jpg;jpeg;jpe;resx;tiff;tif;png;wav;mfcribbon-ms</Extensions>
    </Filter>
    <Filter Include="Main">
      <UniqueIdentifier>{4FC737F1-C7A5-4376-A066-2A32D752A2FF}</UniqueIdentifier>
      <Extensions>cpp;c;cc;cxx;def;odl;idl;hpj;bat;asm;asmx</Extensions>
    </Filter>
    <Filter Include="Main\Application">
      <UniqueIdentifier>{38c5936c-1fa0-49c3-bc2b-5252f8060b98}</UniqueIdentifier>
    </Filter>
    <Filter Include="Main\Application\Scene">
      <UniqueIdentifier>{93995380-89BD-4b04-88EB-625FBE52EBFB}</UniqueIdentifier>
      <Extensions>h;hh;hpp;hxx;hm;inl;inc;xsd</Extensions>
    </Filter>
    <Filter Include="Main\Application\Scene\LogoScene">
      <UniqueIdentifier>{57047c38-65d7-44d4-a854-36496b064fea}</UniqueIdentifier>
    </Filter>
    <Filter Include="Main\Application\Scene\TitleScene">
      <UniqueIdentifier>{40097c21-e0aa-4f14-9ef6-e867efa63ca4}</UniqueIdentifier>
    </Filter>
    <Filter Include="Main\Application\Scene\MainScene">
      <UniqueIdentifier>{acd9f149-e1d0-42a4-8fb0-b55f154b1a87}</UniqueIdentifier>
    </Filter>
    <Filter Include="Main\Application\Scene\Button">
      <UniqueIdentifier>{dc07c6ac-85d7-468e-9665-f4c93e1fad25}</UniqueIdentifier>
    </Filter>
    <Filter Include="Main\Application\ResourceManager">
      <UniqueIdentifier>{6a7cb086-0fb2-4ca3-9786-b731dfa420b0}</UniqueIdentifier>
    </Filter>
    <Filter Include="Main\Application\Scene\MainScene\Character">
      <UniqueIdentifier>{6498b4ca-f4a7-4f7b-80a2-e7a62124092a}</UniqueIdentifier>
    </Filter>
    <Filter Include="Main\Application\Scene\MainScene\CameraController">
      <UniqueIdentifier>{ee8e2305-8851-4ea8-92ce-11e620e4c7c1}</UniqueIdentifier>
    </Filter>
    <Filter Include="Main\Application\Scene\MainScene\Field">
      <UniqueIdentifier>{03ffd707-a112-44b4-9eea-ff03cabdc461}</UniqueIdentifier>
    </Filter>
  </ItemGroup>
  <ItemGroup>
    <ClCompile Include="Main.cpp">
      <Filter>Main</Filter>
    </ClCompile>
    <ClCompile Include="Scene\SceneTransition.cpp">
      <Filter>Main\Application\Scene</Filter>
    </ClCompile>
    <ClCompile Include="Application\Application.cpp">
      <Filter>Main\Application</Filter>
    </ClCompile>
    <ClCompile Include="Scene\SceneFactory.cpp">
      <Filter>Main\Application\Scene</Filter>
    </ClCompile>
    <ClCompile Include="Scene\Scene.cpp">
      <Filter>Main\Application\Scene</Filter>
    </ClCompile>
    <ClCompile Include="Scene\TitleScene.cpp">
      <Filter>Main\Application\Scene\TitleScene</Filter>
    </ClCompile>
    <ClCompile Include="Scene\MainScene.cpp">
      <Filter>Main\Application\Scene\MainScene</Filter>
    </ClCompile>
    <ClCompile Include="Scene\LogoScene.cpp">
      <Filter>Main\Application\Scene\LogoScene</Filter>
    </ClCompile>
    <ClCompile Include="Button\Button.cpp">
      <Filter>Main\Application\Scene\Button</Filter>
    </ClCompile>
    <ClCompile Include="ResourceManager\ResourceManager.cpp">
      <Filter>Main\Application\ResourceManager</Filter>
    </ClCompile>
    <ClCompile Include="Scene\Logo.cpp">
      <Filter>Main\Application\Scene\LogoScene</Filter>
    </ClCompile>
    <ClCompile Include="Character\CharacterManager.cpp">
      <Filter>Main\Application\Scene\MainScene\Character</Filter>
    </ClCompile>
    <ClCompile Include="Character\Character.cpp">
      <Filter>Main\Application\Scene\MainScene\Character</Filter>
    </ClCompile>
    <ClCompile Include="Character\Player.cpp">
      <Filter>Main\Application\Scene\MainScene\Character</Filter>
    </ClCompile>
    <ClCompile Include="CameraController\CameraController.cpp">
      <Filter>Main\Application\Scene\MainScene\CameraController</Filter>
    </ClCompile>
  </ItemGroup>
  <ItemGroup>
    <ClInclude Include="Scene\SceneTransition.h">
      <Filter>Main\Application\Scene</Filter>
    </ClInclude>
    <ClInclude Include="Application\Application.h">
      <Filter>Main\Application</Filter>
    </ClInclude>
    <ClInclude Include="Scene\SceneFactory.h">
      <Filter>Main\Application\Scene</Filter>
    </ClInclude>
    <ClInclude Include="Scene\Scene.h">
      <Filter>Main\Application\Scene</Filter>
    </ClInclude>
    <ClInclude Include="Scene\TitleScene.h">
      <Filter>Main\Application\Scene\TitleScene</Filter>
    </ClInclude>
    <ClInclude Include="Scene\MainScene.h">
      <Filter>Main\Application\Scene\MainScene</Filter>
    </ClInclude>
    <ClInclude Include="Scene\LogoScene.h">
      <Filter>Main\Application\Scene\LogoScene</Filter>
    </ClInclude>
    <ClInclude Include="Button\Button.h">
      <Filter>Main\Application\Scene\Button</Filter>
    </ClInclude>
    <ClInclude Include="ResourceManager\ResourceManager.h">
      <Filter>Main\Application\ResourceManager</Filter>
    </ClInclude>
    <ClInclude Include="Scene\Logo.h">
      <Filter>Main\Application\Scene\LogoScene</Filter>
    </ClInclude>
    <ClInclude Include="Character\CharacterManager.h">
      <Filter>Main\Application\Scene\MainScene\Character</Filter>
    </ClInclude>
    <ClInclude Include="Character\Character.h">
      <Filter>Main\Application\Scene\MainScene\Character</Filter>
    </ClInclude>
    <ClInclude Include="Character\Player.h">
      <Filter>Main\Application\Scene\MainScene\Character</Filter>
    </ClInclude>
    <ClInclude Include="CameraController\CameraController.h">
      <Filter>Main\Application\Scene\MainScene\CameraController</Filter>
    </ClInclude>
  </ItemGroup>
</Project>